
Microsoft Visual Studio Solution File, Format Version 12.00
# Visual Studio 15
VisualStudioVersion = 15.0.28307.645
MinimumVisualStudioVersion = 10.0.40219.1
Project("{FAE04EC0-301F-11D3-BF4B-00C04F79EFBC}") = "RenameFilesInFolder", "RenameFilesInFolder\RenameFilesInFolder.csproj", "{4E275A87-C695-4D9A-94C2-D81846256E58}"
EndProject
Global
	GlobalSection(SolutionConfigurationPlatforms) = preSolution
		Debug|Any CPU = Debug|Any CPU
		Release|Any CPU = Release|Any CPU
	EndGlobalSection
	GlobalSection(ProjectConfigurationPlatforms) = postSolution
		{4E275A87-C695-4D9A-94C2-D81846256E58}.Debug|Any CPU.ActiveCfg = Debug|Any CPU
		{4E275A87-C695-4D9A-94C2-D81846256E58}.Debug|Any CPU.Build.0 = Debug|Any CPU
		{4E275A87-C695-4D9A-94C2-D81846256E58}.Release|Any CPU.ActiveCfg = Release|Any CPU
		{4E275A87-C695-4D9A-94C2-D81846256E58}.Release|Any CPU.Build.0 = Release|Any CPU
	EndGlobalSection
	GlobalSection(SolutionProperties) = preSolution
		HideSolutionNode = FALSE
	EndGlobalSection
	GlobalSection(ExtensibilityGlobals) = postSolution
		SolutionGuid = {84F6D573-254D-4D70-971F-A6BCB5CF7082}
	EndGlobalSection
EndGlobal
